
Microsoft Visual Studio Solution File, Format Version 12.00
# Visual Studio 2017
Project("{FAE04EC0-301F-11D3-BF4B-00C04F79EFBC}") = "Robot Unicorn Attack VR", "Robot Unicorn Attack VR.csproj", "{2BBCDDD1-3F12-68A9-F038-3FCAA4BB8C63}"
EndProject
Project("{FAE04EC0-301F-11D3-BF4B-00C04F79EFBC}") = "Robot Unicorn Attack VR.Editor", "Robot Unicorn Attack VR.Editor.csproj", "{13CC9723-B9A2-2F11-2800-649DB0DCE03C}"
EndProject
Global
	GlobalSection(SolutionConfigurationPlatforms) = preSolution
		Debug|Any CPU = Debug|Any CPU
		Release|Any CPU = Release|Any CPU
	EndGlobalSection
	GlobalSection(ProjectConfigurationPlatforms) = postSolution
		{2BBCDDD1-3F12-68A9-F038-3FCAA4BB8C63}.Debug|Any CPU.ActiveCfg = Debug|Any CPU
		{2BBCDDD1-3F12-68A9-F038-3FCAA4BB8C63}.Debug|Any CPU.Build.0 = Debug|Any CPU
		{2BBCDDD1-3F12-68A9-F038-3FCAA4BB8C63}.Release|Any CPU.ActiveCfg = Release|Any CPU
		{2BBCDDD1-3F12-68A9-F038-3FCAA4BB8C63}.Release|Any CPU.Build.0 = Release|Any CPU
		{13CC9723-B9A2-2F11-2800-649DB0DCE03C}.Debug|Any CPU.ActiveCfg = Debug|Any CPU
		{13CC9723-B9A2-2F11-2800-649DB0DCE03C}.Debug|Any CPU.Build.0 = Debug|Any CPU
		{13CC9723-B9A2-2F11-2800-649DB0DCE03C}.Release|Any CPU.ActiveCfg = Release|Any CPU
		{13CC9723-B9A2-2F11-2800-649DB0DCE03C}.Release|Any CPU.Build.0 = Release|Any CPU
	EndGlobalSection
	GlobalSection(SolutionProperties) = preSolution
		HideSolutionNode = FALSE
	EndGlobalSection
EndGlobal
